
Microsoft Visual Studio Solution File, Format Version 12.00
# Visual Studio Version 16
VisualStudioVersion = 16.0.30225.117
MinimumVisualStudioVersion = 10.0.40219.1
Project("{FAE04EC0-301F-11D3-BF4B-00C04F79EFBC}") = "Practika_Test", "Practika_Test\Practika_Test.csproj", "{097DD0C7-6651-4E7D-AF86-52599960C264}"
EndProject
Project("{FAE04EC0-301F-11D3-BF4B-00C04F79EFBC}") = "BusnessLogic", "BusnessLogic\BusnessLogic.csproj", "{2D5E56A6-D4C8-4D8B-B782-E6F53DE5AA53}"
EndProject
Project("{FAE04EC0-301F-11D3-BF4B-00C04F79EFBC}") = "BusnessLogic.Tests", "BusnessLogic.Tests\BusnessLogic.Tests.csproj", "{0D9547AB-78B4-4981-8501-1849FD4B833B}"
EndProject
Project("{FAE04EC0-301F-11D3-BF4B-00C04F79EFBC}") = "Models", "Models\Models.csproj", "{CA4AB004-7A0E-4595-BEED-F4565A652EB5}"
EndProject
Project("{FAE04EC0-301F-11D3-BF4B-00C04F79EFBC}") = "GUI", "GUI\GUI.csproj", "{E31AF8F0-698B-454A-B324-5258E5193546}"
EndProject
Project("{FAE04EC0-301F-11D3-BF4B-00C04F79EFBC}") = "Data", "Data\Data.csproj", "{6EEA9A2B-62FF-420A-B34D-3D726C36A2E6}"
EndProject
Project("{FAE04EC0-301F-11D3-BF4B-00C04F79EFBC}") = "Repository", "Repository\Repository.csproj", "{7625575C-9BE3-43CA-9C83-51D496B965B0}"
EndProject
Project("{FAE04EC0-301F-11D3-BF4B-00C04F79EFBC}") = "Service", "Service\Service.csproj", "{DA742197-31CF-4B22-B275-2729E3E77F67}"
EndProject
Global
	GlobalSection(SolutionConfigurationPlatforms) = preSolution
		Debug|Any CPU = Debug|Any CPU
		Release|Any CPU = Release|Any CPU
	EndGlobalSection
	GlobalSection(ProjectConfigurationPlatforms) = postSolution
		{097DD0C7-6651-4E7D-AF86-52599960C264}.Debug|Any CPU.ActiveCfg = Debug|Any CPU
		{097DD0C7-6651-4E7D-AF86-52599960C264}.Debug|Any CPU.Build.0 = Debug|Any CPU
		{097DD0C7-6651-4E7D-AF86-52599960C264}.Release|Any CPU.ActiveCfg = Release|Any CPU
		{097DD0C7-6651-4E7D-AF86-52599960C264}.Release|Any CPU.Build.0 = Release|Any CPU
		{2D5E56A6-D4C8-4D8B-B782-E6F53DE5AA53}.Debug|Any CPU.ActiveCfg = Debug|Any CPU
		{2D5E56A6-D4C8-4D8B-B782-E6F53DE5AA53}.Debug|Any CPU.Build.0 = Debug|Any CPU
		{2D5E56A6-D4C8-4D8B-B782-E6F53DE5AA53}.Release|Any CPU.ActiveCfg = Release|Any CPU
		{2D5E56A6-D4C8-4D8B-B782-E6F53DE5AA53}.Release|Any CPU.Build.0 = Release|Any CPU
		{0D9547AB-78B4-4981-8501-1849FD4B833B}.Debug|Any CPU.ActiveCfg = Debug|Any CPU
		{0D9547AB-78B4-4981-8501-1849FD4B833B}.Debug|Any CPU.Build.0 = Debug|Any CPU
		{0D9547AB-78B4-4981-8501-1849FD4B833B}.Release|Any CPU.ActiveCfg = Release|Any CPU
		{0D9547AB-78B4-4981-8501-1849FD4B833B}.Release|Any CPU.Build.0 = Release|Any CPU
		{CA4AB004-7A0E-4595-BEED-F4565A652EB5}.Debug|Any CPU.ActiveCfg = Debug|Any CPU
		{CA4AB004-7A0E-4595-BEED-F4565A652EB5}.Debug|Any CPU.Build.0 = Debug|Any CPU
		{CA4AB004-7A0E-4595-BEED-F4565A652EB5}.Release|Any CPU.ActiveCfg = Release|Any CPU
		{CA4AB004-7A0E-4595-BEED-F4565A652EB5}.Release|Any CPU.Build.0 = Release|Any CPU
		{E31AF8F0-698B-454A-B324-5258E5193546}.Debug|Any CPU.ActiveCfg = Debug|Any CPU
		{E31AF8F0-698B-454A-B324-5258E5193546}.Debug|Any CPU.Build.0 = Debug|Any CPU
		{E31AF8F0-698B-454A-B324-5258E5193546}.Release|Any CPU.ActiveCfg = Release|Any CPU
		{E31AF8F0-698B-454A-B324-5258E5193546}.Release|Any CPU.Build.0 = Release|Any CPU
		{6EEA9A2B-62FF-420A-B34D-3D726C36A2E6}.Debug|Any CPU.ActiveCfg = Debug|Any CPU
		{6EEA9A2B-62FF-420A-B34D-3D726C36A2E6}.Debug|Any CPU.Build.0 = Debug|Any CPU
		{6EEA9A2B-62FF-420A-B34D-3D726C36A2E6}.Release|Any CPU.ActiveCfg = Release|Any CPU
		{6EEA9A2B-62FF-420A-B34D-3D726C36A2E6}.Release|Any CPU.Build.0 = Release|Any CPU
		{7625575C-9BE3-43CA-9C83-51D496B965B0}.Debug|Any CPU.ActiveCfg = Debug|Any CPU
		{7625575C-9BE3-43CA-9C83-51D496B965B0}.Debug|Any CPU.Build.0 = Debug|Any CPU
		{7625575C-9BE3-43CA-9C83-51D496B965B0}.Release|Any CPU.ActiveCfg = Release|Any CPU
		{7625575C-9BE3-43CA-9C83-51D496B965B0}.Release|Any CPU.Build.0 = Release|Any CPU
		{DA742197-31CF-4B22-B275-2729E3E77F67}.Debug|Any CPU.ActiveCfg = Debug|Any CPU
		{DA742197-31CF-4B22-B275-2729E3E77F67}.Debug|Any CPU.Build.0 = Debug|Any CPU
		{DA742197-31CF-4B22-B275-2729E3E77F67}.Release|Any CPU.ActiveCfg = Release|Any CPU
		{DA742197-31CF-4B22-B275-2729E3E77F67}.Release|Any CPU.Build.0 = Release|Any CPU
	EndGlobalSection
	GlobalSection(SolutionProperties) = preSolution
		HideSolutionNode = FALSE
	EndGlobalSection
	GlobalSection(ExtensibilityGlobals) = postSolution
		SolutionGuid = {51C9A325-88D9-4798-8496-CAA439614A06}
	EndGlobalSection
EndGlobal
